
Microsoft Visual Studio Solution File, Format Version 12.00
# Visual Studio Version 16
VisualStudioVersion = 16.0.28922.388
MinimumVisualStudioVersion = 10.0.40219.1
Project("{FAE04EC0-301F-11D3-BF4B-00C04F79EFBC}") = "Calculator", "Calculator\Calculator.csproj", "{76D441B0-9618-4DC1-936D-DEB78EDCB2C6}"
EndProject
Global
	GlobalSection(SolutionConfigurationPlatforms) = preSolution
		Debug|Any CPU = Debug|Any CPU
		Release|Any CPU = Release|Any CPU
	EndGlobalSection
	GlobalSection(ProjectConfigurationPlatforms) = postSolution
		{76D441B0-9618-4DC1-936D-DEB78EDCB2C6}.Debug|Any CPU.ActiveCfg = Debug|Any CPU
		{76D441B0-9618-4DC1-936D-DEB78EDCB2C6}.Debug|Any CPU.Build.0 = Debug|Any CPU
		{76D441B0-9618-4DC1-936D-DEB78EDCB2C6}.Release|Any CPU.ActiveCfg = Release|Any CPU
		{76D441B0-9618-4DC1-936D-DEB78EDCB2C6}.Release|Any CPU.Build.0 = Release|Any CPU
	EndGlobalSection
	GlobalSection(SolutionProperties) = preSolution
		HideSolutionNode = FALSE
	EndGlobalSection
	GlobalSection(ExtensibilityGlobals) = postSolution
		SolutionGuid = {1031B88F-29B1-4FCD-8E4F-96D3254AF0FC}
	EndGlobalSection
EndGlobal
